# This file was autogenerated by uv via the following command:
#    uv pip compile pyproject.toml -o uv.lock --prerelease=allow
absl-py==2.3.1
    # via dm-env
aiofiles==25.1.0
    # via torchsnapshot
aiohappyeyeballs==2.6.1
    # via aiohttp
aiohttp==3.13.0
    # via
    #   torch-geometric
    #   torchsnapshot
aiosignal==1.4.0
    # via aiohttp
alabaster==0.7.16
    # via sphinx
asttokens==3.0.0
    # via stack-data
async-timeout==5.0.1
    # via aiohttp
attrs==25.4.0
    # via aiohttp
babel==2.17.0
    # via sphinx
bitmath==1.3.3.1
    # via hbutils
certifi==2025.10.5
    # via requests
cffi==2.0.0
    # via clarabel
chardet==4.0.0
    # via hbutils
charset-normalizer==3.4.3
    # via requests
clarabel==0.11.1
    # via cvxpy
click==8.1.8
    # via
    #   treevalue
    #   typer
cloudpickle==3.1.1
    # via
    #   ad2c (pyproject.toml)
    #   gym
    #   gymnasium
    #   stable-baselines3
    #   submitit
configargparse==1.7.1
    # via ad2c (pyproject.toml)
contourpy==1.3.0
    # via matplotlib
cvxpy==1.7.3
    # via
    #   ad2c (pyproject.toml)
    #   cvxpylayers
cvxpylayers==0.1.6
    # via ad2c (pyproject.toml)
cycler==0.12.1
    # via matplotlib
decorator==5.2.1
    # via
    #   ipython
    #   moviepy
deprecation==2.1.0
    # via hbutils
diffcp==1.0.23
    # via cvxpylayers
dill==0.4.0
    # via treevalue
dm-env==1.6
    # via ad2c (pyproject.toml)
dm-tree==0.1.8
    # via dm-env
docutils==0.21.2
    # via sphinx
ecos==2.0.14
    # via diffcp
enum-tools==0.13.0
    # via treevalue
exceptiongroup==1.3.0
    # via
    #   ipython
    #   pytest
executing==2.2.1
    # via stack-data
farama-notifications==0.0.4
    # via gymnasium
fbgemm-gpu==1.3.0
    # via torchrec
filelock==3.19.1
    # via
    #   huggingface-hub
    #   transformers
fonttools==4.60.1
    # via matplotlib
frozenlist==1.8.0
    # via
    #   aiohttp
    #   aiosignal
fsspec==2025.9.0
    # via
    #   huggingface-hub
    #   torch-geometric
gitdb==4.0.12
    # via gitpython
gitpython==3.1.45
    # via ad2c (pyproject.toml)
graphviz==0.21
    # via treevalue
gym==0.26.2
    # via nes-py
gym-notices==0.1.0
    # via gym
gym-super-mario-bros==7.4.0
    # via ad2c (pyproject.toml)
gymnasium==1.0.0
    # via
    #   minari
    #   mo-gymnasium
    #   stable-baselines3
h5py==3.14.0
    # via ad2c (pyproject.toml)
hbutils==0.11.0
    # via treevalue
hf-xet==1.1.10
    # via huggingface-hub
huggingface-hub==0.35.3
    # via
    #   tokenizers
    #   transformers
hydra-core==1.4.0.dev1
    # via ad2c (pyproject.toml)
idna==3.11
    # via
    #   requests
    #   yarl
imageio==2.37.0
    # via moviepy
imageio-ffmpeg==0.6.0
    # via moviepy
imagesize==1.4.1
    # via sphinx
importlib-metadata==8.7.0
    # via
    #   gym
    #   gymnasium
    #   jax
    #   sphinx
    #   torchsnapshot
importlib-resources==6.5.2
    # via matplotlib
iniconfig==2.1.0
    # via pytest
ipython==8.18.1
    # via ad2c (pyproject.toml)
jax==0.4.30
    # via ad2c (pyproject.toml)
jaxlib==0.4.30
    # via jax
jedi==0.19.2
    # via ipython
jinja2==3.1.6
    # via
    #   osqp
    #   sphinx
    #   torch-geometric
joblib==1.5.2
    # via
    #   osqp
    #   scikit-learn
kiwisolver==1.4.7
    # via matplotlib
lightning-utilities==0.15.2
    # via torchmetrics
markdown-it-py==3.0.0
    # via rich
markupsafe==3.0.3
    # via jinja2
matplotlib==3.9.4
    # via
    #   ad2c (pyproject.toml)
    #   seaborn
    #   stable-baselines3
    #   tikzplotlib
matplotlib-inline==0.1.7
    # via ipython
mdurl==0.1.2
    # via markdown-it-py
minari==0.5.3
    # via ad2c (pyproject.toml)
ml-dtypes==0.5.3
    # via
    #   jax
    #   jaxlib
mo-gymnasium==1.3.1
    # via ad2c (pyproject.toml)
moviepy==2.2.1
    # via ad2c (pyproject.toml)
multidict==6.7.0
    # via
    #   aiohttp
    #   yarl
nes-py==8.1.4
    # via gym-super-mario-bros
nest-asyncio==1.6.0
    # via torchsnapshot
networkx==3.2.1
    # via ad2c (pyproject.toml)
numpy==1.26.4
    # via
    #   ad2c (pyproject.toml)
    #   clarabel
    #   contourpy
    #   cvxpy
    #   cvxpylayers
    #   diffcp
    #   dm-env
    #   ecos
    #   fbgemm-gpu
    #   gym
    #   gymnasium
    #   h5py
    #   imageio
    #   jax
    #   jaxlib
    #   matplotlib
    #   minari
    #   ml-dtypes
    #   mo-gymnasium
    #   moviepy
    #   nes-py
    #   osqp
    #   pandas
    #   scikit-learn
    #   scipy
    #   scs
    #   seaborn
    #   stable-baselines3
    #   tikzplotlib
    #   torch-geometric
    #   torchmetrics
    #   torchvision
    #   transformers
nvidia-cublas-cu11==11.10.3.66
    # via
    #   nvidia-cudnn-cu11
    #   torch
nvidia-cuda-nvrtc-cu11==11.7.99
    # via torch
nvidia-cuda-runtime-cu11==11.7.99
    # via torch
nvidia-cudnn-cu11==8.5.0.96
    # via torch
omegaconf==2.4.0.dev3
    # via
    #   ad2c (pyproject.toml)
    #   hydra-core
opt-einsum==3.4.0
    # via jax
osqp==1.0.4
    # via cvxpy
packaging==25.0
    # via
    #   deprecation
    #   hbutils
    #   huggingface-hub
    #   hydra-core
    #   lightning-utilities
    #   matplotlib
    #   minari
    #   pytest
    #   sphinx
    #   torchmetrics
    #   transformers
pandas==2.3.3
    # via
    #   ad2c (pyproject.toml)
    #   seaborn
    #   stable-baselines3
parso==0.8.5
    # via jedi
pexpect==4.9.0
    # via ipython
pillow==10.4.0
    # via
    #   ad2c (pyproject.toml)
    #   imageio
    #   matplotlib
    #   moviepy
    #   tikzplotlib
    #   torchvision
pluggy==1.6.0
    # via pytest
proglog==0.1.12
    # via moviepy
prompt-toolkit==3.0.52
    # via ipython
propcache==0.4.1
    # via
    #   aiohttp
    #   yarl
psutil==7.1.0
    # via
    #   torch-geometric
    #   torchsnapshot
ptyprocess==0.7.0
    # via pexpect
pure-eval==0.2.3
    # via stack-data
pybind11==3.0.1
    # via diffcp
pycparser==2.23
    # via cffi
pygame==2.6.1
    # via mo-gymnasium
pyglet==1.5.31
    # via
    #   ad2c (pyproject.toml)
    #   nes-py
pygments==2.19.2
    # via
    #   enum-tools
    #   ipython
    #   pytest
    #   rich
    #   sphinx
pyopengl==3.1.10
    # via ad2c (pyproject.toml)
pyparsing==3.3.0a1
    # via
    #   matplotlib
    #   torch-geometric
pytest==8.4.2
    # via ad2c (pyproject.toml)
python-dateutil==2.9.0.post0
    # via
    #   matplotlib
    #   pandas
python-dotenv==1.1.1
    # via moviepy
pytimeparse==1.1.8
    # via hbutils
pytorch-sphinx-theme==0.0.19
    # via ad2c (pyproject.toml)
pytz==2025.2
    # via pandas
pyyaml==6.0.3
    # via
    #   ad2c (pyproject.toml)
    #   huggingface-hub
    #   omegaconf
    #   torchsnapshot
    #   transformers
regex==2025.9.18
    # via transformers
requests==2.32.5
    # via
    #   huggingface-hub
    #   sphinx
    #   torch-geometric
    #   torchvision
    #   transformers
rich==14.2.0
    # via typer
safetensors==0.6.2
    # via transformers
scikit-learn==1.6.1
    # via ad2c (pyproject.toml)
scipy==1.13.1
    # via
    #   ad2c (pyproject.toml)
    #   clarabel
    #   cvxpy
    #   cvxpylayers
    #   diffcp
    #   ecos
    #   jax
    #   jaxlib
    #   mo-gymnasium
    #   osqp
    #   scikit-learn
    #   scs
scs==3.2.9
    # via
    #   cvxpy
    #   diffcp
seaborn==0.13.2
    # via ad2c (pyproject.toml)
setuptools==69.5.1
    # via
    #   ad2c (pyproject.toml)
    #   hbutils
    #   lightning-utilities
    #   nvidia-cublas-cu11
    #   nvidia-cuda-runtime-cu11
    #   osqp
shellingham==1.5.4
    # via typer
six==1.17.0
    # via
    #   ad2c (pyproject.toml)
    #   python-dateutil
smmap==5.0.2
    # via gitdb
snowballstemmer==3.0.1
    # via sphinx
sphinx==7.4.7
    # via pytorch-sphinx-theme
sphinxcontrib-applehelp==2.0.0
    # via sphinx
sphinxcontrib-devhelp==2.0.0
    # via sphinx
sphinxcontrib-htmlhelp==2.1.0
    # via sphinx
sphinxcontrib-jsmath==1.0.1
    # via sphinx
sphinxcontrib-qthelp==2.0.0
    # via sphinx
sphinxcontrib-serializinghtml==2.0.0
    # via sphinx
stable-baselines3==2.4.1
    # via ad2c (pyproject.toml)
stack-data==0.6.3
    # via ipython
submitit==1.5.3
    # via ad2c (pyproject.toml)
tenacity==8.5.0
    # via ad2c (pyproject.toml)
threadpoolctl==3.6.0
    # via
    #   diffcp
    #   scikit-learn
tikzplotlib==0.10.1
    # via ad2c (pyproject.toml)
tokenizers==0.22.1
    # via transformers
tomli==2.3.0
    # via
    #   pytest
    #   sphinx
torch==1.13.1
    # via
    #   ad2c (pyproject.toml)
    #   stable-baselines3
    #   torchmetrics
    #   torchsnapshot
    #   torchvision
torch-geometric==2.6.1
    # via ad2c (pyproject.toml)
torchmetrics==1.0.3
    # via torchrec
torchrec==0.8.0
    # via ad2c (pyproject.toml)
torchsnapshot==0.1.0
    # via ad2c (pyproject.toml)
torchvision==0.14.1
    # via ad2c (pyproject.toml)
tqdm==4.67.1
    # via
    #   ad2c (pyproject.toml)
    #   huggingface-hub
    #   nes-py
    #   proglog
    #   torch-geometric
    #   torchrec
    #   transformers
traitlets==5.14.3
    # via
    #   ipython
    #   matplotlib-inline
transformers==4.57.0
    # via ad2c (pyproject.toml)
treevalue==1.5.0
    # via ad2c (pyproject.toml)
typer==0.19.2
    # via minari
typing-extensions==4.15.0
    # via
    #   aiosignal
    #   enum-tools
    #   exceptiongroup
    #   gitpython
    #   gymnasium
    #   huggingface-hub
    #   ipython
    #   lightning-utilities
    #   minari
    #   multidict
    #   omegaconf
    #   submitit
    #   torch
    #   torchsnapshot
    #   torchvision
    #   typer
tzdata==2025.2
    # via pandas
urllib3==2.5.0
    # via requests
wcwidth==0.2.14
    # via prompt-toolkit
webcolors==24.11.1
    # via tikzplotlib
wheel==0.45.1
    # via
    #   nvidia-cublas-cu11
    #   nvidia-cuda-runtime-cu11
yarl==1.22.0
    # via aiohttp
zipp==3.23.0
    # via
    #   importlib-metadata
    #   importlib-resources
